
Microsoft Visual Studio Solution File, Format Version 12.00
# Visual Studio Version 17
VisualStudioVersion = 17.7.34031.279
MinimumVisualStudioVersion = 10.0.40219.1
Project("{FAE04EC0-301F-11D3-BF4B-00C04F79EFBC}") = "Dop", "Dop\Dop.csproj", "{636512CC-1370-4B62-B6D2-EEC91DDF5B9B}"
EndProject
Global
	GlobalSection(SolutionConfigurationPlatforms) = preSolution
		Debug|Any CPU = Debug|Any CPU
		Release|Any CPU = Release|Any CPU
	EndGlobalSection
	GlobalSection(ProjectConfigurationPlatforms) = postSolution
		{636512CC-1370-4B62-B6D2-EEC91DDF5B9B}.Debug|Any CPU.ActiveCfg = Debug|Any CPU
		{636512CC-1370-4B62-B6D2-EEC91DDF5B9B}.Debug|Any CPU.Build.0 = Debug|Any CPU
		{636512CC-1370-4B62-B6D2-EEC91DDF5B9B}.Release|Any CPU.ActiveCfg = Release|Any CPU
		{636512CC-1370-4B62-B6D2-EEC91DDF5B9B}.Release|Any CPU.Build.0 = Release|Any CPU
	EndGlobalSection
	GlobalSection(SolutionProperties) = preSolution
		HideSolutionNode = FALSE
	EndGlobalSection
	GlobalSection(ExtensibilityGlobals) = postSolution
		SolutionGuid = {0595BBC1-B808-40F2-9E06-240339834B20}
	EndGlobalSection
EndGlobal
